// !$*UTF8*$!
{
	archiveVersion = 1;
	classes = {
	};
	objectVersion = 50;
	objects = {

/* Begin PBXBuildFile section */
		FF460AC9230287CC0002E27A /* Assets.xcassets in Resources */ = {isa = PBXBuildFile; fileRef = FF460AC0230287CC0002E27A /* Assets.xcassets */; };
		FF460ACB230287CC0002E27A /* LaunchScreen.storyboard in Resources */ = {isa = PBXBuildFile; fileRef = FF460AC2230287CC0002E27A /* LaunchScreen.storyboard */; };
		FF460ACC230287CC0002E27A /* Main.storyboard in Resources */ = {isa = PBXBuildFile; fileRef = FF460AC4230287CC0002E27A /* Main.storyboard */; };
		FF460ACD230287CC0002E27A /* main.m in Sources */ = {isa = PBXBuildFile; fileRef = FF460AC6230287CC0002E27A /* main.m */; };
		FF460ACE230287CC0002E27A /* AppDelegate.m in Sources */ = {isa = PBXBuildFile; fileRef = FF460AC7230287CC0002E27A /* AppDelegate.m */; };
		FF460AD1230288B20002E27A /* DC_KVOObject.m in Sources */ = {isa = PBXBuildFile; fileRef = FF460AD0230288B20002E27A /* DC_KVOObject.m */; };
		FF460AD5230288EA0002E27A /* DC_KVCObject.m in Sources */ = {isa = PBXBuildFile; fileRef = FF460AD4230288EA0002E27A /* DC_KVCObject.m */; };
		FF460AD8230289CD0002E27A /* ViewController.m in Sources */ = {isa = PBXBuildFile; fileRef = FF460AD7230289CD0002E27A /* ViewController.m */; };
/* End PBXBuildFile section */

/* Begin PBXFileReference section */
		FF460AA3230287040002E27A /* iOSTalks.app */ = {isa = PBXFileReference; explicitFileType = wrapper.application; includeInIndex = 0; path = iOSTalks.app; sourceTree = BUILT_PRODUCTS_DIR; };
		FF460AB4230287080002E27A /* Info.plist */ = {isa = PBXFileReference; lastKnownFileType = text.plist.xml; path = Info.plist; sourceTree = "<group>"; };
		FF460ABF230287CC0002E27A /* AppDelegate.h */ = {isa = PBXFileReference; fileEncoding = 4; lastKnownFileType = sourcecode.c.h; path = AppDelegate.h; sourceTree = "<group>"; };
		FF460AC0230287CC0002E27A /* Assets.xcassets */ = {isa = PBXFileReference; lastKnownFileType = folder.assetcatalog; path = Assets.xcassets; sourceTree = "<group>"; };
		FF460AC3230287CC0002E27A /* Base */ = {isa = PBXFileReference; lastKnownFileType = file.storyboard; name = Base; path = Base.lproj/LaunchScreen.storyboard; sourceTree = "<group>"; };
		FF460AC5230287CC0002E27A /* Base */ = {isa = PBXFileReference; lastKnownFileType = file.storyboard; name = Base; path = Base.lproj/Main.storyboard; sourceTree = "<group>"; };
		FF460AC6230287CC0002E27A /* main.m */ = {isa = PBXFileReference; fileEncoding = 4; lastKnownFileType = sourcecode.c.objc; path = main.m; sourceTree = "<group>"; };
		FF460AC7230287CC0002E27A /* AppDelegate.m */ = {isa = PBXFileReference; fileEncoding = 4; lastKnownFileType = sourcecode.c.objc; path = AppDelegate.m; sourceTree = "<group>"; };
		FF460ACF230288B20002E27A /* DC_KVOObject.h */ = {isa = PBXFileReference; lastKnownFileType = sourcecode.c.h; path = DC_KVOObject.h; sourceTree = "<group>"; };
		FF460AD0230288B20002E27A /* DC_KVOObject.m */ = {isa = PBXFileReference; lastKnownFileType = sourcecode.c.objc; path = DC_KVOObject.m; sourceTree = "<group>"; };
		FF460AD3230288EA0002E27A /* DC_KVCObject.h */ = {isa = PBXFileReference; lastKnownFileType = sourcecode.c.h; path = DC_KVCObject.h; sourceTree = "<group>"; };
		FF460AD4230288EA0002E27A /* DC_KVCObject.m */ = {isa = PBXFileReference; lastKnownFileType = sourcecode.c.objc; path = DC_KVCObject.m; sourceTree = "<group>"; };
		FF460AD6230289CD0002E27A /* ViewController.h */ = {isa = PBXFileReference; fileEncoding = 4; lastKnownFileType = sourcecode.c.h; path = ViewController.h; sourceTree = "<group>"; };
		FF460AD7230289CD0002E27A /* ViewController.m */ = {isa = PBXFileReference; fileEncoding = 4; lastKnownFileType = sourcecode.c.objc; path = ViewController.m; sourceTree = "<group>"; };
/* End PBXFileReference section */

/* Begin PBXFrameworksBuildPhase section */
		FF460AA0230287040002E27A /* Frameworks */ = {
			isa = PBXFrameworksBuildPhase;
			buildActionMask = 2147483647;
			files = (
			);
			runOnlyForDeploymentPostprocessing = 0;
		};
/* End PBXFrameworksBuildPhase section */

/* Begin PBXGroup section */
		FF460A9A230287030002E27A = {
			isa = PBXGroup;
			children = (
				FF460AA5230287040002E27A /* iOSTalks */,
				FF460AA4230287040002E27A /* Products */,
			);
			sourceTree = "<group>";
		};
		FF460AA4230287040002E27A /* Products */ = {
			isa = PBXGroup;
			children = (
				FF460AA3230287040002E27A /* iOSTalks.app */,
			);
			name = Products;
			sourceTree = "<group>";
		};
		FF460AA5230287040002E27A /* iOSTalks */ = {
			isa = PBXGroup;
			children = (
				FF460ABC230287CC0002E27A /* CodeSource */,
				FF460ABE230287CC0002E27A /* Org */,
			);
			path = iOSTalks;
			sourceTree = "<group>";
		};
		FF460ABC230287CC0002E27A /* CodeSource */ = {
			isa = PBXGroup;
			children = (
				FF460AD6230289CD0002E27A /* ViewController.h */,
				FF460AD7230289CD0002E27A /* ViewController.m */,
				FF460AD2230288CC0002E27A /* KVC */,
				FF460ABD230287CC0002E27A /* KVO */,
			);
			path = CodeSource;
			sourceTree = "<group>";
		};
		FF460ABD230287CC0002E27A /* KVO */ = {
			isa = PBXGroup;
			children = (
				FF460ACF230288B20002E27A /* DC_KVOObject.h */,
				FF460AD0230288B20002E27A /* DC_KVOObject.m */,
			);
			path = KVO;
			sourceTree = "<group>";
		};
		FF460ABE230287CC0002E27A /* Org */ = {
			isa = PBXGroup;
			children = (
				FF460AB4230287080002E27A /* Info.plist */,
				FF460ABF230287CC0002E27A /* AppDelegate.h */,
				FF460AC7230287CC0002E27A /* AppDelegate.m */,
				FF460AC0230287CC0002E27A /* Assets.xcassets */,
				FF460AC2230287CC0002E27A /* LaunchScreen.storyboard */,
				FF460AC4230287CC0002E27A /* Main.storyboard */,
				FF460AC6230287CC0002E27A /* main.m */,
			);
			path = Org;
			sourceTree = "<group>";
		};
		FF460AD2230288CC0002E27A /* KVC */ = {
			isa = PBXGroup;
			children = (
				FF460AD3230288EA0002E27A /* DC_KVCObject.h */,
				FF460AD4230288EA0002E27A /* DC_KVCObject.m */,
			);
			path = KVC;
			sourceTree = "<group>";
		};
/* End PBXGroup section */

/* Begin PBXNativeTarget section */
		FF460AA2230287040002E27A /* iOSTalks */ = {
			isa = PBXNativeTarget;
			buildConfigurationList = FF460AB9230287080002E27A /* Build configuration list for PBXNativeTarget "iOSTalks" */;
			buildPhases = (
				FF460A9F230287040002E27A /* Sources */,
				FF460AA0230287040002E27A /* Frameworks */,
				FF460AA1230287040002E27A /* Resources */,
			);
			buildRules = (
			);
			dependencies = (
			);
			name = iOSTalks;
			productName = iOSTalks;
			productReference = FF460AA3230287040002E27A /* iOSTalks.app */;
			productType = "com.apple.product-type.application";
		};
/* End PBXNativeTarget section */

/* Begin PBXProject section */
		FF460A9B230287030002E27A /* Project object */ = {
			isa = PBXProject;
			attributes = {
				LastUpgradeCheck = 1020;
				ORGANIZATIONNAME = "黄登登";
				TargetAttributes = {
					FF460AA2230287040002E27A = {
						CreatedOnToolsVersion = 10.2.1;
					};
				};
			};
			buildConfigurationList = FF460A9E230287030002E27A /* Build configuration list for PBXProject "iOSTalks" */;
			compatibilityVersion = "Xcode 9.3";
			developmentRegion = en;
			hasScannedForEncodings = 0;
			knownRegions = (
				en,
				Base,
			);
			mainGroup = FF460A9A230287030002E27A;
			productRefGroup = FF460AA4230287040002E27A /* Products */;
			projectDirPath = "";
			projectRoot = "";
			targets = (
				FF460AA2230287040002E27A /* iOSTalks */,
			);
		};
/* End PBXProject section */

/* Begin PBXResourcesBuildPhase section */
		FF460AA1230287040002E27A /* Resources */ = {
			isa = PBXResourcesBuildPhase;
			buildActionMask = 2147483647;
			files = (
				FF460ACC230287CC0002E27A /* Main.storyboard in Resources */,
				FF460AC9230287CC0002E27A /* Assets.xcassets in Resources */,
				FF460ACB230287CC0002E27A /* LaunchScreen.storyboard in Resources */,
			);
			runOnlyForDeploymentPostprocessing = 0;
		};
/* End PBXResourcesBuildPhase section */

/* Begin PBXSourcesBuildPhase section */
		FF460A9F230287040002E27A /* Sources */ = {
			isa = PBXSourcesBuildPhase;
			buildActionMask = 2147483647;
			files = (
				FF460AD5230288EA0002E27A /* DC_KVCObject.m in Sources */,
				FF460ACD230287CC0002E27A /* main.m in Sources */,
				FF460AD1230288B20002E27A /* DC_KVOObject.m in Sources */,
				FF460ACE230287CC0002E27A /* AppDelegate.m in Sources */,
				FF460AD8230289CD0002E27A /* ViewController.m in Sources */,
			);
			runOnlyForDeploymentPostprocessing = 0;
		};
/* End PBXSourcesBuildPhase section */

/* Begin PBXVariantGroup section */
		FF460AC2230287CC0002E27A /* LaunchScreen.storyboard */ = {
			isa = PBXVariantGroup;
			children = (
				FF460AC3230287CC0002E27A /* Base */,
			);
			name = LaunchScreen.storyboard;
			sourceTree = "<group>";
		};
		FF460AC4230287CC0002E27A /* Main.storyboard */ = {
			isa = PBXVariantGroup;
			children = (
				FF460AC5230287CC0002E27A /* Base */,
			);
			name = Main.storyboard;
			sourceTree = "<group>";
		};
/* End PBXVariantGroup section */

/* Begin XCBuildConfiguration section */
		FF460AB7230287080002E27A /* Debug */ = {
			isa = XCBuildConfiguration;
			buildSettings = {
				ALWAYS_SEARCH_USER_PATHS = NO;
				CLANG_ANALYZER_NONNULL = YES;
				CLANG_ANALYZER_NUMBER_OBJECT_CONVERSION = YES_AGGRESSIVE;
				CLANG_CXX_LANGUAGE_STANDARD = "gnu++14";
				CLANG_CXX_LIBRARY = "libc++";
				CLANG_ENABLE_MODULES = YES;
				CLANG_ENABLE_OBJC_ARC = YES;
				CLANG_ENABLE_OBJC_WEAK = YES;
				CLANG_WARN_BLOCK_CAPTURE_AUTORELEASING = YES;
				CLANG_WARN_BOOL_CONVERSION = YES;
				CLANG_WARN_COMMA = YES;
				CLANG_WARN_CONSTANT_CONVERSION = YES;
				CLANG_WARN_DEPRECATED_OBJC_IMPLEMENTATIONS = YES;
				CLANG_WARN_DIRECT_OBJC_ISA_USAGE = YES_ERROR;
				CLANG_WARN_DOCUMENTATION_COMMENTS = YES;
				CLANG_WARN_EMPTY_BODY = YES;
				CLANG_WARN_ENUM_CONVERSION = YES;
				CLANG_WARN_INFINITE_RECURSION = YES;
				CLANG_WARN_INT_CONVERSION = YES;
				CLANG_WARN_NON_LITERAL_NULL_CONVERSION = YES;
				CLANG_WARN_OBJC_IMPLICIT_RETAIN_SELF = YES;
				CLANG_WARN_OBJC_LITERAL_CONVERSION = YES;
				CLANG_WARN_OBJC_ROOT_CLASS = YES_ERROR;
				CLANG_WARN_RANGE_LOOP_ANALYSIS = YES;
				CLANG_WARN_STRICT_PROTOTYPES = YES;
				CLANG_WARN_SUSPICIOUS_MOVE = YES;
				CLANG_WARN_UNGUARDED_AVAILABILITY = YES_AGGRESSIVE;
				CLANG_WARN_UNREACHABLE_CODE = YES;
				CLANG_WARN__DUPLICATE_METHOD_MATCH = YES;
				CODE_SIGN_IDENTITY = "iPhone Developer";
				COPY_PHASE_STRIP = NO;
				DEBUG_INFORMATION_FORMAT = dwarf;
				ENABLE_STRICT_OBJC_MSGSEND = YES;
				ENABLE_TESTABILITY = YES;
				GCC_C_LANGUAGE_STANDARD = gnu11;
				GCC_DYNAMIC_NO_PIC = NO;
				GCC_NO_COMMON_BLOCKS = YES;
				GCC_OPTIMIZATION_LEVEL = 0;
				GCC_PREPROCESSOR_DEFINITIONS = (
					"DEBUG=1",
					"$(inherited)",
				);
				GCC_WARN_64_TO_32_BIT_CONVERSION = YES;
				GCC_WARN_ABOUT_RETURN_TYPE = YES_ERROR;
				GCC_WARN_UNDECLARED_SELECTOR = YES;
				GCC_WARN_UNINITIALIZED_AUTOS = YES_AGGRESSIVE;
				GCC_WARN_UNUSED_FUNCTION = YES;
				GCC_WARN_UNUSED_VARIABLE = YES;
				IPHONEOS_DEPLOYMENT_TARGET = 12.2;
				MTL_ENABLE_DEBUG_INFO = INCLUDE_SOURCE;
				MTL_FAST_MATH = YES;
				ONLY_ACTIVE_ARCH = YES;
				SDKROOT = iphoneos;
			};
			name = Debug;
		};
		FF460AB8230287080002E27A /* Release */ = {
			isa = XCBuildConfiguration;
			buildSettings = {
				ALWAYS_SEARCH_USER_PATHS = NO;
				CLANG_ANALYZER_NONNULL = YES;
				CLANG_ANALYZER_NUMBER_OBJECT_CONVERSION = YES_AGGRESSIVE;
				CLANG_CXX_LANGUAGE_STANDARD = "gnu++14";
				CLANG_CXX_LIBRARY = "libc++";
				CLANG_ENABLE_MODULES = YES;
				CLANG_ENABLE_OBJC_ARC = YES;
				CLANG_ENABLE_OBJC_WEAK = YES;
				CLANG_WARN_BLOCK_CAPTURE_AUTORELEASING = YES;
				CLANG_WARN_BOOL_CONVERSION = YES;
				CLANG_WARN_COMMA = YES;
				CLANG_WARN_CONSTANT_CONVERSION = YES;
				CLANG_WARN_DEPRECATED_OBJC_IMPLEMENTATIONS = YES;
				CLANG_WARN_DIRECT_OBJC_ISA_USAGE = YES_ERROR;
				CLANG_WARN_DOCUMENTATION_COMMENTS = YES;
				CLANG_WARN_EMPTY_BODY = YES;
				CLANG_WARN_ENUM_CONVERSION = YES;
				CLANG_WARN_INFINITE_RECURSION = YES;
				CLANG_WARN_INT_CONVERSION = YES;
				CLANG_WARN_NON_LITERAL_NULL_CONVERSION = YES;
				CLANG_WARN_OBJC_IMPLICIT_RETAIN_SELF = YES;
				CLANG_WARN_OBJC_LITERAL_CONVERSION = YES;
				CLANG_WARN_OBJC_ROOT_CLASS = YES_ERROR;
				CLANG_WARN_RANGE_LOOP_ANALYSIS = YES;
				CLANG_WARN_STRICT_PROTOTYPES = YES;
				CLANG_WARN_SUSPICIOUS_MOVE = YES;
				CLANG_WARN_UNGUARDED_AVAILABILITY = YES_AGGRESSIVE;
				CLANG_WARN_UNREACHABLE_CODE = YES;
				CLANG_WARN__DUPLICATE_METHOD_MATCH = YES;
				CODE_SIGN_IDENTITY = "iPhone Developer";
				COPY_PHASE_STRIP = NO;
				DEBUG_INFORMATION_FORMAT = "dwarf-with-dsym";
				ENABLE_NS_ASSERTIONS = NO;
				ENABLE_STRICT_OBJC_MSGSEND = YES;
				GCC_C_LANGUAGE_STANDARD = gnu11;
				GCC_NO_COMMON_BLOCKS = YES;
				GCC_WARN_64_TO_32_BIT_CONVERSION = YES;
				GCC_WARN_ABOUT_RETURN_TYPE = YES_ERROR;
				GCC_WARN_UNDECLARED_SELECTOR = YES;
				GCC_WARN_UNINITIALIZED_AUTOS = YES_AGGRESSIVE;
				GCC_WARN_UNUSED_FUNCTION = YES;
				GCC_WARN_UNUSED_VARIABLE = YES;
				IPHONEOS_DEPLOYMENT_TARGET = 12.2;
				MTL_ENABLE_DEBUG_INFO = NO;
				MTL_FAST_MATH = YES;
				SDKROOT = iphoneos;
				VALIDATE_PRODUCT = YES;
			};
			name = Release;
		};
		FF460ABA230287080002E27A /* Debug */ = {
			isa = XCBuildConfiguration;
			buildSettings = {
				ASSETCATALOG_COMPILER_APPICON_NAME = AppIcon;
				CODE_SIGN_STYLE = Automatic;
				DEVELOPMENT_TEAM = RA3S34K4EA;
				INFOPLIST_FILE = iOSTalks/Org/Info.plist;
				LD_RUNPATH_SEARCH_PATHS = (
					"$(inherited)",
					"@executable_path/Frameworks",
				);
				PRODUCT_BUNDLE_IDENTIFIER = com.dachen.iOSTalks.iOSTalks;
				PRODUCT_NAME = "$(TARGET_NAME)";
				TARGETED_DEVICE_FAMILY = "1,2";
			};
			name = Debug;
		};
		FF460ABB230287080002E27A /* Release */ = {
			isa = XCBuildConfiguration;
			buildSettings = {
				ASSETCATALOG_COMPILER_APPICON_NAME = AppIcon;
				CODE_SIGN_STYLE = Automatic;
				DEVELOPMENT_TEAM = RA3S34K4EA;
				INFOPLIST_FILE = iOSTalks/Org/Info.plist;
				LD_RUNPATH_SEARCH_PATHS = (
					"$(inherited)",
					"@executable_path/Frameworks",
				);
				PRODUCT_BUNDLE_IDENTIFIER = com.dachen.iOSTalks.iOSTalks;
				PRODUCT_NAME = "$(TARGET_NAME)";
				TARGETED_DEVICE_FAMILY = "1,2";
			};
			name = Release;
		};
/* End XCBuildConfiguration section */

/* Begin XCConfigurationList section */
		FF460A9E230287030002E27A /* Build configuration list for PBXProject "iOSTalks" */ = {
			isa = XCConfigurationList;
			buildConfigurations = (
				FF460AB7230287080002E27A /* Debug */,
				FF460AB8230287080002E27A /* Release */,
			);
			defaultConfigurationIsVisible = 0;
			defaultConfigurationName = Release;
		};
		FF460AB9230287080002E27A /* Build configuration list for PBXNativeTarget "iOSTalks" */ = {
			isa = XCConfigurationList;
			buildConfigurations = (
				FF460ABA230287080002E27A /* Debug */,
				FF460ABB230287080002E27A /* Release */,
			);
			defaultConfigurationIsVisible = 0;
			defaultConfigurationName = Release;
		};
/* End XCConfigurationList section */
	};
	rootObject = FF460A9B230287030002E27A /* Project object */;
}
